
Microsoft Visual Studio Solution File, Format Version 12.00
# Visual Studio Version 17
VisualStudioVersion = 17.3.32929.385
MinimumVisualStudioVersion = 10.0.40219.1
Project("{9A19103F-16F7-4668-BE54-9A1E7A4F7556}") = "LP10.Doadores.Ui", "src\LP10.Doadores\LP10.Doadores.Ui.csproj", "{9833E480-C4DB-4555-8A5C-5F4DC88B4B04}"
EndProject
Project("{9A19103F-16F7-4668-BE54-9A1E7A4F7556}") = "LP10.Doadores.Application", "src\LP10.Doadores.Application\LP10.Doadores.Application.csproj", "{FDB2A355-20B2-4D44-BFA5-95EF5D6CC5A4}"
EndProject
Project("{9A19103F-16F7-4668-BE54-9A1E7A4F7556}") = "LP10.Doadores.Repository", "src\LP10.Doadores.Data\LP10.Doadores.Repository.csproj", "{F5D75467-D5B2-434C-83FF-0A34C56D4D62}"
EndProject
Project("{9A19103F-16F7-4668-BE54-9A1E7A4F7556}") = "LP10.Doadores.Domain", "src\LP10.Doadores.Domain\LP10.Doadores.Domain.csproj", "{A028543D-6D18-472E-8622-95329CAFBB84}"
EndProject
Global
	GlobalSection(SolutionConfigurationPlatforms) = preSolution
		Debug|Any CPU = Debug|Any CPU
		Release|Any CPU = Release|Any CPU
	EndGlobalSection
	GlobalSection(ProjectConfigurationPlatforms) = postSolution
		{9833E480-C4DB-4555-8A5C-5F4DC88B4B04}.Debug|Any CPU.ActiveCfg = Debug|Any CPU
		{9833E480-C4DB-4555-8A5C-5F4DC88B4B04}.Debug|Any CPU.Build.0 = Debug|Any CPU
		{9833E480-C4DB-4555-8A5C-5F4DC88B4B04}.Release|Any CPU.ActiveCfg = Release|Any CPU
		{9833E480-C4DB-4555-8A5C-5F4DC88B4B04}.Release|Any CPU.Build.0 = Release|Any CPU
		{FDB2A355-20B2-4D44-BFA5-95EF5D6CC5A4}.Debug|Any CPU.ActiveCfg = Debug|Any CPU
		{FDB2A355-20B2-4D44-BFA5-95EF5D6CC5A4}.Debug|Any CPU.Build.0 = Debug|Any CPU
		{FDB2A355-20B2-4D44-BFA5-95EF5D6CC5A4}.Release|Any CPU.ActiveCfg = Release|Any CPU
		{FDB2A355-20B2-4D44-BFA5-95EF5D6CC5A4}.Release|Any CPU.Build.0 = Release|Any CPU
		{F5D75467-D5B2-434C-83FF-0A34C56D4D62}.Debug|Any CPU.ActiveCfg = Debug|Any CPU
		{F5D75467-D5B2-434C-83FF-0A34C56D4D62}.Debug|Any CPU.Build.0 = Debug|Any CPU
		{F5D75467-D5B2-434C-83FF-0A34C56D4D62}.Release|Any CPU.ActiveCfg = Release|Any CPU
		{F5D75467-D5B2-434C-83FF-0A34C56D4D62}.Release|Any CPU.Build.0 = Release|Any CPU
		{A028543D-6D18-472E-8622-95329CAFBB84}.Debug|Any CPU.ActiveCfg = Debug|Any CPU
		{A028543D-6D18-472E-8622-95329CAFBB84}.Debug|Any CPU.Build.0 = Debug|Any CPU
		{A028543D-6D18-472E-8622-95329CAFBB84}.Release|Any CPU.ActiveCfg = Release|Any CPU
		{A028543D-6D18-472E-8622-95329CAFBB84}.Release|Any CPU.Build.0 = Release|Any CPU
	EndGlobalSection
	GlobalSection(SolutionProperties) = preSolution
		HideSolutionNode = FALSE
	EndGlobalSection
	GlobalSection(ExtensibilityGlobals) = postSolution
		SolutionGuid = {7915E033-3E8C-4726-9F70-7BB0C0F9C092}
	EndGlobalSection
EndGlobal
